<?xml version="1.0" encoding="utf-8"?>
<Project ToolsVersion="4.0" xmlns="http://schemas.microsoft.com/developer/msbuild/2003">
  <ItemGroup>
    <Filter Include="Resource">
      <UniqueIdentifier>{67DA6AB6-F800-4c08-8B7A-83BB121AAD01}</UniqueIdentifier>
      <Extensions>rc;ico;cur;bmp;dlg;rc2;rct;bin;rgs;gif;jpg;jpeg;jpe;resx;tiff;tif;png;wav;mfcribbon-ms</Extensions>
    </Filter>
    <Filter Include="Source">
      <UniqueIdentifier>{df962677-2264-468e-811f-631b9a3b3ce2}</UniqueIdentifier>
    </Filter>
    <Filter Include="Include">
      <UniqueIdentifier>{14e7653e-31c7-4b6e-a215-3c187ef21701}</UniqueIdentifier>
    </Filter>
    <Filter Include="Include\Media">
      <UniqueIdentifier>{ce47198b-1179-4fc3-94e6-8fbe7fa4d9af}</UniqueIdentifier>
    </Filter>
    <Filter Include="Source\Graphics">
      <UniqueIdentifier>{13daeb2b-dfd5-4192-bbd8-f2204ad6809b}</UniqueIdentifier>
    </Filter>
    <Filter Include="Source\Media">
      <UniqueIdentifier>{0a0b8ccc-e2b3-4c1e-aeb5-e66f93fdc3a8}</UniqueIdentifier>
    </Filter>
    <Filter Include="Include\Graphics">
      <UniqueIdentifier>{170cbaec-43ea-4d1b-8584-9c62a2201fc7}</UniqueIdentifier>
    </Filter>
    <Filter Include="Include\IO">
      <UniqueIdentifier>{061bf89b-356e-4567-80d0-9aaee3c51e94}</UniqueIdentifier>
    </Filter>
    <Filter Include="Source\IO">
      <UniqueIdentifier>{386c88b2-d468-453a-9165-d6b50b355660}</UniqueIdentifier>
    </Filter>
    <Filter Include="Include\Testing">
      <UniqueIdentifier>{703df52e-094c-4e65-bfad-47a2054e5f3e}</UniqueIdentifier>
    </Filter>
    <Filter Include="Source\Testing">
      <UniqueIdentifier>{6bd6f0cd-3ffc-487d-b1c7-f83f8291aea8}</UniqueIdentifier>
    </Filter>
    <Filter Include="Include\Net">
      <UniqueIdentifier>{0c200138-2cae-4875-82be-1fe702b42d32}</UniqueIdentifier>
    </Filter>
    <Filter Include="Source\Net">
      <UniqueIdentifier>{be80a33b-3015-49b5-9b76-61c9f49314e3}</UniqueIdentifier>
    </Filter>
    <Filter Include="Include\Net\Http">
      <UniqueIdentifier>{b595b73c-4212-4500-865e-dd892c9447aa}</UniqueIdentifier>
    </Filter>
    <Filter Include="Source\Net\Http">
      <UniqueIdentifier>{f8b7c74b-0fb8-434f-9fad-e4a238da5e59}</UniqueIdentifier>
    </Filter>
    <Filter Include="Include\Xml">
      <UniqueIdentifier>{06293a20-80ed-4fda-9dfa-f6135af17b58}</UniqueIdentifier>
    </Filter>
    <Filter Include="Source\Xml">
      <UniqueIdentifier>{ba6dae08-6aef-4339-ac5f-06b82d573b3f}</UniqueIdentifier>
    </Filter>
    <Filter Include="Include\Json">
      <UniqueIdentifier>{2a9a3aa1-46b4-4537-91c2-851749e2344c}</UniqueIdentifier>
    </Filter>
    <Filter Include="Include\Static">
      <UniqueIdentifier>{127fe230-5ec9-4173-b324-1838eadfea0a}</UniqueIdentifier>
    </Filter>
    <Filter Include="Include\Graphics\UI">
      <UniqueIdentifier>{653ea414-92a1-4695-b6e8-c8e5d639a8a5}</UniqueIdentifier>
    </Filter>
    <Filter Include="Source\Graphics\UI">
      <UniqueIdentifier>{fdd46a62-30b6-4287-9d1a-0b880733e5cf}</UniqueIdentifier>
    </Filter>
    <Filter Include="Include\Threading">
      <UniqueIdentifier>{2fc3037e-6685-4a65-b702-81177216a26f}</UniqueIdentifier>
    </Filter>
    <Filter Include="Source\Threading">
      <UniqueIdentifier>{ac451ad9-555c-4c4e-845a-1c9b508545f5}</UniqueIdentifier>
    </Filter>
    <Filter Include="Include\Graphics\OpenGL">
      <UniqueIdentifier>{1e21af37-a7e5-4945-bd54-e5e4ecdbd8c4}</UniqueIdentifier>
    </Filter>
    <Filter Include="Source\Graphics\OpenGL">
      <UniqueIdentifier>{a4252030-b042-40c2-a2c2-a0406d85f85a}</UniqueIdentifier>
    </Filter>
    <Filter Include="Include\Graphics\UI\Controls">
      <UniqueIdentifier>{570614ca-d33d-4d89-8ecc-c48b237e5e43}</UniqueIdentifier>
    </Filter>
    <Filter Include="Source\Graphics\UI\Controls">
      <UniqueIdentifier>{5d28cabf-b527-4f14-94b5-c76272984324}</UniqueIdentifier>
    </Filter>
    <Filter Include="Include\Serialization">
      <UniqueIdentifier>{6a377bf1-645b-44f0-8e09-330483db7ef1}</UniqueIdentifier>
    </Filter>
    <Filter Include="Include\FileFormat">
      <UniqueIdentifier>{06c19962-7a59-4389-825c-ecfdd05087fc}</UniqueIdentifier>
    </Filter>
    <Filter Include="Source\Serialization">
      <UniqueIdentifier>{0281bed3-7a4a-4d47-909b-6897cc7293d5}</UniqueIdentifier>
    </Filter>
    <Filter Include="Source\FileFormat">
      <UniqueIdentifier>{c7b405c9-7976-4add-a389-b91498c372a1}</UniqueIdentifier>
    </Filter>
  </ItemGroup>
  <ItemGroup>
    <ClInclude Include="..\..\Include\Array.hpp">
      <Filter>Include</Filter>
    </ClInclude>
    <ClInclude Include="..\..\Include\Media\Image.hpp">
      <Filter>Include\Media</Filter>
    </ClInclude>
    <ClInclude Include="..\..\Include\IO\MemoryStream.hpp">
      <Filter>Include\IO</Filter>
    </ClInclude>
    <ClInclude Include="..\..\Include\IO\Stream.hpp">
      <Filter>Include\IO</Filter>
    </ClInclude>
    <ClInclude Include="..\..\Include\Testing\Assume.hpp">
      <Filter>Include\Testing</Filter>
    </ClInclude>
    <ClInclude Include="..\..\Include\Testing\Assert.hpp">
      <Filter>Include\Testing</Filter>
    </ClInclude>
    <ClInclude Include="..\..\Include\Testing\UnitTest.hpp">
      <Filter>Include\Testing</Filter>
    </ClInclude>
    <ClInclude Include="..\..\Include\Testing\Logger.hpp">
      <Filter>Include\Testing</Filter>
    </ClInclude>
    <ClInclude Include="..\..\Include\Net\Socket.hpp">
      <Filter>Include\Net</Filter>
    </ClInclude>
    <ClInclude Include="..\..\Include\IObservable.hpp">
      <Filter>Include</Filter>
    </ClInclude>
    <ClInclude Include="..\..\Include\Lazy.hpp">
      <Filter>Include</Filter>
    </ClInclude>
    <ClInclude Include="..\..\Include\Buffer.hpp">
      <Filter>Include</Filter>
    </ClInclude>
    <ClInclude Include="..\..\Include\Net\SocketAddress.hpp">
      <Filter>Include\Net</Filter>
    </ClInclude>
    <ClInclude Include="..\..\Include\Net\Dns.hpp">
      <Filter>Include\Net</Filter>
    </ClInclude>
    <ClInclude Include="..\..\Include\DateTime.hpp">
      <Filter>Include</Filter>
    </ClInclude>
    <ClInclude Include="..\..\Include\Uri.hpp">
      <Filter>Include</Filter>
    </ClInclude>
    <ClInclude Include="..\..\Include\AnsiCharUtils.hpp">
      <Filter>Include</Filter>
    </ClInclude>
    <ClInclude Include="..\..\Include\BufferPool.hpp">
      <Filter>Include</Filter>
    </ClInclude>
    <ClInclude Include="..\..\Include\StaticInterface\StaticInterface.hpp">
      <Filter>Include\Static</Filter>
    </ClInclude>
    <ClInclude Include="..\..\Include\Net\Http\HttpClient.hpp">
      <Filter>Include\Net\Http</Filter>
    </ClInclude>
    <ClInclude Include="..\..\Include\Net\Http\HttpMessage.hpp">
      <Filter>Include\Net\Http</Filter>
    </ClInclude>
    <ClInclude Include="..\..\Include\Net\Http\_">
      <Filter>Include\Net\Http</Filter>
    </ClInclude>
    <ClInclude Include="..\..\Include\DelegateDef.hpp">
      <Filter>Include</Filter>
    </ClInclude>
    <ClInclude Include="..\..\Include\_">
      <Filter>Include</Filter>
    </ClInclude>
    <ClInclude Include="..\..\Include\Net\Http\HttpLine.hpp">
      <Filter>Include\Net\Http</Filter>
    </ClInclude>
    <ClInclude Include="..\..\Include\Net\Http\HttpHeader.hpp">
      <Filter>Include\Net\Http</Filter>
    </ClInclude>
    <ClInclude Include="..\..\Include\Media\_">
      <Filter>Include\Media</Filter>
    </ClInclude>
    <ClInclude Include="..\..\Include\Testing\_">
      <Filter>Include\Testing</Filter>
    </ClInclude>
    <ClInclude Include="..\..\Include\Net\_">
      <Filter>Include\Net</Filter>
    </ClInclude>
    <ClInclude Include="..\..\Include\IObserver.hpp">
      <Filter>Include</Filter>
    </ClInclude>
    <ClInclude Include="..\..\Include\Optional.hpp">
      <Filter>Include</Filter>
    </ClInclude>
    <ClInclude Include="..\..\Include\Xml\XmlDocument.hpp">
      <Filter>Include\Xml</Filter>
    </ClInclude>
    <ClInclude Include="..\..\Include\Xml\_">
      <Filter>Include\Xml</Filter>
    </ClInclude>
    <ClInclude Include="..\..\Include\Xml\XmlElement.hpp">
      <Filter>Include\Xml</Filter>
    </ClInclude>
    <ClInclude Include="..\..\Include\Json\JsonObject.hpp">
      <Filter>Include\Json</Filter>
    </ClInclude>
    <ClInclude Include="..\..\Include\Json\_">
      <Filter>Include\Json</Filter>
    </ClInclude>
    <ClInclude Include="..\..\Include\StringLiteral.hpp">
      <Filter>Include</Filter>
    </ClInclude>
    <ClInclude Include="..\..\Include\Event.hpp">
      <Filter>Include</Filter>
    </ClInclude>
    <ClInclude Include="..\..\Include\Interface.hpp">
      <Filter>Include</Filter>
    </ClInclude>
    <ClInclude Include="..\..\Include\Graphics\Geometry.hpp">
      <Filter>Include\Graphics</Filter>
    </ClInclude>
    <ClInclude Include="..\..\Include\Graphics\Matrix4x4.hpp">
      <Filter>Include\Graphics</Filter>
    </ClInclude>
    <ClInclude Include="..\..\Include\DependencyInjection.hpp">
      <Filter>Include\Static</Filter>
    </ClInclude>
    <ClInclude Include="..\..\Include\Graphics\UI\DependencyInjection.hpp">
      <Filter>Include\Graphics\UI</Filter>
    </ClInclude>
    <ClInclude Include="..\..\Include\Graphics\UI\ContentControl.hpp">
      <Filter>Include\Graphics\UI</Filter>
    </ClInclude>
    <ClInclude Include="..\..\Include\Graphics\UI\Control.hpp">
      <Filter>Include\Graphics\UI</Filter>
    </ClInclude>
    <ClInclude Include="..\..\Include\Graphics\UI\UIElement.hpp">
      <Filter>Include\Graphics\UI</Filter>
    </ClInclude>
    <ClInclude Include="..\..\Include\Graphics\UI\UIEvents.hpp">
      <Filter>Include\Graphics\UI</Filter>
    </ClInclude>
    <ClInclude Include="..\..\Include\Graphics\UI\Window.hpp">
      <Filter>Include\Graphics\UI</Filter>
    </ClInclude>
    <ClInclude Include="..\..\Include\Graphics\UI\Canvas.hpp">
      <Filter>Include\Graphics\UI</Filter>
    </ClInclude>
    <ClInclude Include="..\..\Include\Graphics\UI\Brush.hpp">
      <Filter>Include\Graphics\UI</Filter>
    </ClInclude>
    <ClInclude Include="..\..\Include\Threading\Dispatcher.hpp">
      <Filter>Include\Threading</Filter>
    </ClInclude>
    <ClInclude Include="..\..\Include\Graphics\OpenGL\Shader.hpp">
      <Filter>Include\Graphics\OpenGL</Filter>
    </ClInclude>
    <ClInclude Include="..\..\Include\Graphics\OpenGL\_">
      <Filter>Include\Graphics\OpenGL</Filter>
    </ClInclude>
    <ClInclude Include="..\..\Include\Graphics\UI\Controls\Button.hpp">
      <Filter>Include\Graphics\UI\Controls</Filter>
    </ClInclude>
    <ClInclude Include="..\..\Include\Graphics\UI\Controls\_">
      <Filter>Include\Graphics\UI\Controls</Filter>
    </ClInclude>
    <ClInclude Include="..\..\Include\YieldIterator.hpp">
      <Filter>Include</Filter>
    </ClInclude>
    <ClInclude Include="..\..\Include\Slice.hpp">
      <Filter>Include</Filter>
    </ClInclude>
    <ClInclude Include="..\..\Include\Threading\Timer.hpp">
      <Filter>Include\Threading</Filter>
    </ClInclude>
    <ClInclude Include="..\..\Include\Threading\_">
      <Filter>Include\Threading</Filter>
    </ClInclude>
    <ClInclude Include="..\..\Include\Graphics\UI\UIFactory.hpp">
      <Filter>Include\Graphics\UI</Filter>
    </ClInclude>
    <ClInclude Include="..\..\Include\Graphics\UI\OpenGLBrush.hpp">
      <Filter>Include\Graphics\UI</Filter>
    </ClInclude>
    <ClInclude Include="..\..\Include\Graphics\UI\OpenGLCanvas.hpp">
      <Filter>Include\Graphics\UI</Filter>
    </ClInclude>
    <ClInclude Include="..\..\Include\Graphics\UI\_">
      <Filter>Include\Graphics\UI</Filter>
    </ClInclude>
    <ClInclude Include="..\..\Include\Graphics\UI\Animation.hpp">
      <Filter>Include\Graphics\UI</Filter>
    </ClInclude>
    <ClInclude Include="..\..\Include\Graphics\UI\UIUpdater.Animation.hpp">
      <Filter>Include\Graphics\UI</Filter>
    </ClInclude>
    <ClInclude Include="..\..\Include\Graphics\UI\Controls\Grid.hpp">
      <Filter>Include\Graphics\UI\Controls</Filter>
    </ClInclude>
    <ClInclude Include="..\..\Include\Graphics\UI\DeviceContextHost.hpp">
      <Filter>Include\Graphics\UI</Filter>
    </ClInclude>
    <ClInclude Include="..\..\Include\Graphics\UI\UIActionHost.hpp">
      <Filter>Include\Graphics\UI</Filter>
    </ClInclude>
    <ClInclude Include="..\..\Include\Graphics\UI\UIUpdater.UIAction.hpp">
      <Filter>Include\Graphics\UI</Filter>
    </ClInclude>
    <ClInclude Include="..\..\Include\Graphics\UI\Panel.hpp">
      <Filter>Include\Graphics\UI</Filter>
    </ClInclude>
    <ClInclude Include="..\..\Include\Graphics\UI\Controls\Doodle.hpp">
      <Filter>Include\Graphics\UI\Controls</Filter>
    </ClInclude>
    <ClInclude Include="..\..\Include\Serialization\Base64.hpp">
      <Filter>Include\Serialization</Filter>
    </ClInclude>
    <ClInclude Include="..\..\Include\FileFormat\Bmp.hpp">
      <Filter>Include\FileFormat</Filter>
    </ClInclude>
    <ClInclude Include="..\..\Include\SafeError.hpp">
      <Filter>Include</Filter>
    </ClInclude>
    <ClInclude Include="..\..\Include\FileFormat\FileUtils.hpp">
      <Filter>Include\FileFormat</Filter>
    </ClInclude>
    <ClInclude Include="..\..\Include\Media\Color.hpp">
      <Filter>Include\Media</Filter>
    </ClInclude>
    <ClInclude Include="..\..\Include\Graphics\ClampColor.hpp">
      <Filter>Include\Graphics</Filter>
    </ClInclude>
    <ClInclude Include="..\..\Include\Platform.hpp">
      <Filter>Include</Filter>
    </ClInclude>
    <ClInclude Include="..\..\Include\Graphics\OpenGL\ShaderProgram.hpp">
      <Filter>Include\Graphics\OpenGL</Filter>
    </ClInclude>
    <ClInclude Include="..\..\Include\Graphics\UI\UICommonDefs.hpp">
      <Filter>Include\Graphics\UI</Filter>
    </ClInclude>
    <ClInclude Include="..\..\Include\Serialization\ColorLiteral.hpp">
      <Filter>Include\Serialization</Filter>
    </ClInclude>
    <ClInclude Include="..\..\Include\Media\Font.hpp">
      <Filter>Include\Media</Filter>
    </ClInclude>
    <ClInclude Include="..\..\Include\Media\FontCache.hpp">
      <Filter>Include\Media</Filter>
    </ClInclude>
    <ClInclude Include="..\..\Include\Serialization\Unicode.hpp">
      <Filter>Include\Serialization</Filter>
    </ClInclude>
    <ClInclude Include="..\..\Include\Graphics\UI\Controls\TextBlock.hpp">
      <Filter>Include\Graphics\UI\Controls</Filter>
    </ClInclude>
  </ItemGroup>
  <ItemGroup>
    <ClCompile Include="..\..\Include\IO\MemoryStream.cpp">
      <Filter>Source\IO</Filter>
    </ClCompile>
    <ClCompile Include="..\..\Include\Testing\UnitTest.cpp">
      <Filter>Source\Testing</Filter>
    </ClCompile>
    <ClCompile Include="..\..\Include\Testing\Assert.cpp">
      <Filter>Source\Testing</Filter>
    </ClCompile>
    <ClCompile Include="..\..\Include\Testing\Logger.cpp">
      <Filter>Source\Testing</Filter>
    </ClCompile>
    <ClCompile Include="..\..\Include\Net\Socket.cpp">
      <Filter>Source\Net</Filter>
    </ClCompile>
    <ClCompile Include="..\..\Include\Buffer.cpp">
      <Filter>Source</Filter>
    </ClCompile>
    <ClCompile Include="..\..\Include\Net\SocketAddress.cpp">
      <Filter>Source\Net</Filter>
    </ClCompile>
    <ClCompile Include="..\..\Include\Media\Image.cpp">
      <Filter>Source\Media</Filter>
    </ClCompile>
    <ClCompile Include="..\..\Include\DateTime.cpp">
      <Filter>Source</Filter>
    </ClCompile>
    <ClCompile Include="..\..\Include\Uri.cpp">
      <Filter>Source</Filter>
    </ClCompile>
    <ClCompile Include="..\..\Include\BufferPool.cpp">
      <Filter>Source</Filter>
    </ClCompile>
    <ClCompile Include="..\..\src.cpp">
      <Filter>Source</Filter>
    </ClCompile>
    <ClCompile Include="..\..\Include\Net\Http\HttpMessage.cpp">
      <Filter>Source\Net\Http</Filter>
    </ClCompile>
    <ClCompile Include="..\..\Include\Net\Http\HttpClient.cpp">
      <Filter>Source\Net\Http</Filter>
    </ClCompile>
    <ClCompile Include="..\..\Include\Net\Http\HttpLine.cpp">
      <Filter>Source\Net\Http</Filter>
    </ClCompile>
    <ClCompile Include="..\..\Include\Net\Http\HttpHeader.cpp">
      <Filter>Source\Net\Http</Filter>
    </ClCompile>
    <ClCompile Include="..\..\Include\Xml\XmlDocument.cpp">
      <Filter>Source\Xml</Filter>
    </ClCompile>
    <ClCompile Include="..\..\Include\Xml\XmlElement.cpp">
      <Filter>Source\Xml</Filter>
    </ClCompile>
    <ClCompile Include="..\..\Include\Graphics\Matrix4x4.cpp">
      <Filter>Source\Graphics</Filter>
    </ClCompile>
    <ClCompile Include="..\..\Include\Graphics\UI\Window.cpp">
      <Filter>Source\Graphics\UI</Filter>
    </ClCompile>
    <ClCompile Include="..\..\Include\Graphics\UI\UIElement.cpp">
      <Filter>Source\Graphics\UI</Filter>
    </ClCompile>
    <ClCompile Include="..\..\Include\Graphics\UI\Control.cpp">
      <Filter>Source\Graphics\UI</Filter>
    </ClCompile>
    <ClCompile Include="..\..\Include\Graphics\UI\ContentControl.cpp">
      <Filter>Source\Graphics\UI</Filter>
    </ClCompile>
    <ClCompile Include="..\..\Include\Threading\Dispatcher.cpp">
      <Filter>Source\Threading</Filter>
    </ClCompile>
    <ClCompile Include="..\..\Include\Graphics\UI\Canvas.cpp">
      <Filter>Source\Graphics\UI</Filter>
    </ClCompile>
    <ClCompile Include="..\..\Include\Graphics\UI\DependencyInjection.cpp">
      <Filter>Source\Graphics\UI</Filter>
    </ClCompile>
    <ClCompile Include="..\..\Include\Graphics\OpenGL\Shader.cpp">
      <Filter>Source\Graphics\OpenGL</Filter>
    </ClCompile>
    <ClCompile Include="..\..\Include\Graphics\UI\Brush.cpp">
      <Filter>Source\Graphics\UI</Filter>
    </ClCompile>
    <ClCompile Include="..\..\Include\Graphics\UI\Controls\Button.cpp">
      <Filter>Source\Graphics\UI\Controls</Filter>
    </ClCompile>
    <ClCompile Include="..\..\Include\YieldIterator.cpp">
      <Filter>Source</Filter>
    </ClCompile>
    <ClCompile Include="..\..\Include\Slice.cpp">
      <Filter>Source</Filter>
    </ClCompile>
    <ClCompile Include="..\..\Include\Threading\Timer.cpp">
      <Filter>Source\Threading</Filter>
    </ClCompile>
    <ClCompile Include="..\..\Include\Graphics\UI\UIUpdater.cpp">
      <Filter>Source\Graphics\UI</Filter>
    </ClCompile>
    <ClCompile Include="..\..\Include\Graphics\UI\OpenGLBrush.cpp">
      <Filter>Source\Graphics\UI</Filter>
    </ClCompile>
    <ClCompile Include="..\..\Include\Graphics\UI\OpenGLCanvas.cpp">
      <Filter>Source\Graphics\UI</Filter>
    </ClCompile>
    <ClCompile Include="..\..\Include\Graphics\UI\Animation.cpp">
      <Filter>Source\Graphics\UI</Filter>
    </ClCompile>
    <ClCompile Include="..\..\Include\Graphics\UI\Controls\Grid.cpp">
      <Filter>Source\Graphics\UI\Controls</Filter>
    </ClCompile>
    <ClCompile Include="..\..\Include\Graphics\UI\Panel.cpp">
      <Filter>Source\Graphics\UI</Filter>
    </ClCompile>
    <ClCompile Include="..\..\Include\Graphics\UI\Controls\Doodle.cpp">
      <Filter>Source\Graphics\UI\Controls</Filter>
    </ClCompile>
    <ClCompile Include="..\..\Include\FileFormat\_">
      <Filter>Include\FileFormat</Filter>
    </ClCompile>
    <ClCompile Include="..\..\Include\Serialization\Base64.cpp">
      <Filter>Source\Serialization</Filter>
    </ClCompile>
    <ClCompile Include="..\..\Include\FileFormat\Bmp.cpp">
      <Filter>Source\FileFormat</Filter>
    </ClCompile>
    <ClCompile Include="..\..\Include\FileFormat\FileUtils.cpp">
      <Filter>Source\FileFormat</Filter>
    </ClCompile>
    <ClCompile Include="..\..\Include\Graphics\OpenGL\ShaderProgram.cpp">
      <Filter>Source\Graphics\OpenGL</Filter>
    </ClCompile>
    <ClCompile Include="..\..\Include\Serialization\ColorLiteral.cpp">
      <Filter>Source\Serialization</Filter>
    </ClCompile>
    <ClCompile Include="..\..\Include\Serialization\_">
      <Filter>Include\Serialization</Filter>
    </ClCompile>
    <ClCompile Include="..\..\Include\Graphics\UI\UICommonDefs.cpp">
      <Filter>Source\Graphics\UI</Filter>
    </ClCompile>
    <ClCompile Include="..\..\Include\Media\Font.cpp">
      <Filter>Source\Media</Filter>
    </ClCompile>
    <ClCompile Include="..\..\Include\Graphics\UI\Controls\TextBlock.cpp">
      <Filter>Source\Graphics\UI\Controls</Filter>
    </ClCompile>
  </ItemGroup>
  <ItemGroup>
    <None Include="..\..\Include\Graphics\_">
      <Filter>Include\Graphics</Filter>
    </None>
  </ItemGroup>
</Project>