<?xml version="1.0" encoding="utf-8"?>
<Project ToolsVersion="4.0" xmlns="http://schemas.microsoft.com/developer/msbuild/2003">
  <ItemGroup>
    <Filter Include="Resource">
      <UniqueIdentifier>{67DA6AB6-F800-4c08-8B7A-83BB121AAD01}</UniqueIdentifier>
      <Extensions>rc;ico;cur;bmp;dlg;rc2;rct;bin;rgs;gif;jpg;jpeg;jpe;resx;tiff;tif;png;wav;mfcribbon-ms</Extensions>
    </Filter>
    <Filter Include="Source">
      <UniqueIdentifier>{df962677-2264-468e-811f-631b9a3b3ce2}</UniqueIdentifier>
    </Filter>
    <Filter Include="Include">
      <UniqueIdentifier>{14e7653e-31c7-4b6e-a215-3c187ef21701}</UniqueIdentifier>
    </Filter>
    <Filter Include="Include\Media">
      <UniqueIdentifier>{ce47198b-1179-4fc3-94e6-8fbe7fa4d9af}</UniqueIdentifier>
    </Filter>
    <Filter Include="Source\Graphics">
      <UniqueIdentifier>{13daeb2b-dfd5-4192-bbd8-f2204ad6809b}</UniqueIdentifier>
    </Filter>
    <Filter Include="Source\Media">
      <UniqueIdentifier>{0a0b8ccc-e2b3-4c1e-aeb5-e66f93fdc3a8}</UniqueIdentifier>
    </Filter>
    <Filter Include="Include\Graphics">
      <UniqueIdentifier>{170cbaec-43ea-4d1b-8584-9c62a2201fc7}</UniqueIdentifier>
    </Filter>
    <Filter Include="Include\IO">
      <UniqueIdentifier>{061bf89b-356e-4567-80d0-9aaee3c51e94}</UniqueIdentifier>
    </Filter>
    <Filter Include="Source\IO">
      <UniqueIdentifier>{386c88b2-d468-453a-9165-d6b50b355660}</UniqueIdentifier>
    </Filter>
    <Filter Include="Include\Testing">
      <UniqueIdentifier>{703df52e-094c-4e65-bfad-47a2054e5f3e}</UniqueIdentifier>
    </Filter>
    <Filter Include="Source\Testing">
      <UniqueIdentifier>{6bd6f0cd-3ffc-487d-b1c7-f83f8291aea8}</UniqueIdentifier>
    </Filter>
    <Filter Include="Include\Net">
      <UniqueIdentifier>{0c200138-2cae-4875-82be-1fe702b42d32}</UniqueIdentifier>
    </Filter>
    <Filter Include="Source\Net">
      <UniqueIdentifier>{be80a33b-3015-49b5-9b76-61c9f49314e3}</UniqueIdentifier>
    </Filter>
    <Filter Include="Include\StaticInterface">
      <UniqueIdentifier>{127fe230-5ec9-4173-b324-1838eadfea0a}</UniqueIdentifier>
    </Filter>
  </ItemGroup>
  <ItemGroup>
    <ClInclude Include="..\..\Include\Array.hpp">
      <Filter>Include</Filter>
    </ClInclude>
    <ClInclude Include="..\..\Include\Fundamental.hpp">
      <Filter>Include</Filter>
    </ClInclude>
    <ClInclude Include="..\..\Include\Nullable.hpp">
      <Filter>Include</Filter>
    </ClInclude>
    <ClInclude Include="..\..\Include\Media\Bitmap.hpp">
      <Filter>Include\Media</Filter>
    </ClInclude>
    <ClInclude Include="..\..\Include\Media\Bmp.hpp">
      <Filter>Include\Media</Filter>
    </ClInclude>
    <ClInclude Include="..\..\Include\Media\Image.hpp">
      <Filter>Include\Media</Filter>
    </ClInclude>
    <ClInclude Include="..\..\Include\Graphics\Texture.hpp">
      <Filter>Include\Graphics</Filter>
    </ClInclude>
    <ClInclude Include="..\..\Include\IO\MemoryStream.hpp">
      <Filter>Include\IO</Filter>
    </ClInclude>
    <ClInclude Include="..\..\Include\IO\Stream.hpp">
      <Filter>Include\IO</Filter>
    </ClInclude>
    <ClInclude Include="..\..\Include\Testing\Assume.hpp">
      <Filter>Include\Testing</Filter>
    </ClInclude>
    <ClInclude Include="..\..\Include\Testing\Assert.hpp">
      <Filter>Include\Testing</Filter>
    </ClInclude>
    <ClInclude Include="..\..\Include\Testing\UnitTest.hpp">
      <Filter>Include\Testing</Filter>
    </ClInclude>
    <ClInclude Include="..\..\Include\Testing\Logger.hpp">
      <Filter>Include\Testing</Filter>
    </ClInclude>
    <ClInclude Include="..\..\Include\Net\Socket.hpp">
      <Filter>Include\Net</Filter>
    </ClInclude>
    <ClInclude Include="..\..\Include\IObservable.hpp">
      <Filter>Include</Filter>
    </ClInclude>
    <ClInclude Include="..\..\Include\IObserver.hpp">
      <Filter>Include</Filter>
    </ClInclude>
    <ClInclude Include="..\..\Include\Lazy.hpp">
      <Filter>Include</Filter>
    </ClInclude>
    <ClInclude Include="..\..\Include\Buffer.hpp">
      <Filter>Include</Filter>
    </ClInclude>
    <ClInclude Include="..\..\Include\Net\SocketAddress.hpp">
      <Filter>Include\Net</Filter>
    </ClInclude>
    <ClInclude Include="..\..\Include\Net\Dns.hpp">
      <Filter>Include\Net</Filter>
    </ClInclude>
    <ClInclude Include="..\..\Include\DateTime.hpp">
      <Filter>Include</Filter>
    </ClInclude>
    <ClInclude Include="..\..\Include\Net\HttpMessage.hpp">
      <Filter>Include\Net</Filter>
    </ClInclude>
    <ClInclude Include="..\..\Include\Net\HttpClient.hpp">
      <Filter>Include\Net</Filter>
    </ClInclude>
    <ClInclude Include="..\..\Include\Net\HttpUtils.hpp">
      <Filter>Include\Net</Filter>
    </ClInclude>
    <ClInclude Include="..\..\Include\Uri.hpp">
      <Filter>Include</Filter>
    </ClInclude>
    <ClInclude Include="..\..\Include\AnsiCharUtils.hpp">
      <Filter>Include</Filter>
    </ClInclude>
    <ClInclude Include="..\..\Include\BufferPool.hpp">
      <Filter>Include</Filter>
    </ClInclude>
    <ClInclude Include="..\..\Include\StaticInterface\StaticInterface.hpp">
      <Filter>Include\StaticInterface</Filter>
    </ClInclude>
  </ItemGroup>
  <ItemGroup>
    <ClCompile Include="..\..\Include\Graphics\Texture.cpp">
      <Filter>Source\Graphics</Filter>
    </ClCompile>
    <ClCompile Include="..\..\Include\IO\MemoryStream.cpp">
      <Filter>Source\IO</Filter>
    </ClCompile>
    <ClCompile Include="..\..\Include\Media\Bitmap.cpp">
      <Filter>Source\Media</Filter>
    </ClCompile>
    <ClCompile Include="..\..\Include\Media\Bmp.cpp">
      <Filter>Source\Media</Filter>
    </ClCompile>
    <ClCompile Include="..\..\Include\Fundamental.cpp">
      <Filter>Source</Filter>
    </ClCompile>
    <ClCompile Include="..\..\Include\Testing\UnitTest.cpp">
      <Filter>Source\Testing</Filter>
    </ClCompile>
    <ClCompile Include="..\..\Include\Testing\Assert.cpp">
      <Filter>Source\Testing</Filter>
    </ClCompile>
    <ClCompile Include="..\..\Include\Testing\Logger.cpp">
      <Filter>Source\Testing</Filter>
    </ClCompile>
    <ClCompile Include="..\..\Include\Net\Socket.cpp">
      <Filter>Source\Net</Filter>
    </ClCompile>
    <ClCompile Include="..\..\Include\Buffer.cpp">
      <Filter>Source</Filter>
    </ClCompile>
    <ClCompile Include="..\..\Include\Net\SocketAddress.cpp">
      <Filter>Source\Net</Filter>
    </ClCompile>
    <ClCompile Include="..\..\Include\Media\Image.cpp">
      <Filter>Source\Media</Filter>
    </ClCompile>
    <ClCompile Include="..\..\Include\DateTime.cpp">
      <Filter>Source</Filter>
    </ClCompile>
    <ClCompile Include="..\..\Include\Net\HttpMessage.cpp">
      <Filter>Source\Net</Filter>
    </ClCompile>
    <ClCompile Include="..\..\Include\Net\HttpUtils.cpp">
      <Filter>Source\Net</Filter>
    </ClCompile>
    <ClCompile Include="..\..\Include\Net\HttpClient.cpp">
      <Filter>Source\Net</Filter>
    </ClCompile>
    <ClCompile Include="..\..\Include\Uri.cpp">
      <Filter>Source</Filter>
    </ClCompile>
    <ClCompile Include="..\..\Include\BufferPool.cpp">
      <Filter>Source</Filter>
    </ClCompile>
    <ClCompile Include="..\..\src.cpp">
      <Filter>Source</Filter>
    </ClCompile>
  </ItemGroup>
</Project>